// !$*UTF8*$!
{
	archiveVersion = 1;
	classes = {
	};
	objectVersion = 45;
	objects = {

/* Begin PBXBuildFile section */
		AA747D9F0F9514B9006C5449 /* GNToggleBar_Prefix.pch in Headers */ = {isa = PBXBuildFile; fileRef = AA747D9E0F9514B9006C5449 /* GNToggleBar_Prefix.pch */; };
		AACBBE4A0F95108600F1A2B1 /* Foundation.framework in Frameworks */ = {isa = PBXBuildFile; fileRef = AACBBE490F95108600F1A2B1 /* Foundation.framework */; };
		B818838F108EB78A00749A6D /* GNToggleBar.h in Headers */ = {isa = PBXBuildFile; fileRef = B818838D108EB78A00749A6D /* GNToggleBar.h */; };
		B8188390108EB78A00749A6D /* GNToggleBar.m in Sources */ = {isa = PBXBuildFile; fileRef = B818838E108EB78A00749A6D /* GNToggleBar.m */; };
		B81883B4108EBAB300749A6D /* GNToggleItem.h in Headers */ = {isa = PBXBuildFile; fileRef = B81883B2108EBAB300749A6D /* GNToggleItem.h */; };
		B81883B5108EBAB300749A6D /* GNToggleItem.m in Sources */ = {isa = PBXBuildFile; fileRef = B81883B3108EBAB300749A6D /* GNToggleItem.m */; };
		B8188408108EC63A00749A6D /* UIKit.framework in Frameworks */ = {isa = PBXBuildFile; fileRef = B8188407108EC63A00749A6D /* UIKit.framework */; };
		B8A59AD310AA981F00EA6120 /* QuartzCore.framework in Frameworks */ = {isa = PBXBuildFile; fileRef = B8A59AD210AA981F00EA6120 /* QuartzCore.framework */; };
		B8E73ACE108EE564000E8CA9 /* GnarusToggleBar.h in Headers */ = {isa = PBXBuildFile; fileRef = B8E73ACD108EE564000E8CA9 /* GnarusToggleBar.h */; };
		B8EED4D610962DAF0046E327 /* GNToggleBarController.h in Headers */ = {isa = PBXBuildFile; fileRef = B8EED4D410962DAF0046E327 /* GNToggleBarController.h */; };
		B8EED4D710962DAF0046E327 /* GNToggleBarController.m in Sources */ = {isa = PBXBuildFile; fileRef = B8EED4D510962DAF0046E327 /* GNToggleBarController.m */; };
		B8EED538109663080046E327 /* GNGlobal.h in Headers */ = {isa = PBXBuildFile; fileRef = B8EED537109663080046E327 /* GNGlobal.h */; };
/* End PBXBuildFile section */

/* Begin PBXFileReference section */
		AA747D9E0F9514B9006C5449 /* GNToggleBar_Prefix.pch */ = {isa = PBXFileReference; fileEncoding = 4; lastKnownFileType = sourcecode.c.h; path = GNToggleBar_Prefix.pch; sourceTree = SOURCE_ROOT; };
		AACBBE490F95108600F1A2B1 /* Foundation.framework */ = {isa = PBXFileReference; lastKnownFileType = wrapper.framework; name = Foundation.framework; path = System/Library/Frameworks/Foundation.framework; sourceTree = SDKROOT; };
		B818838D108EB78A00749A6D /* GNToggleBar.h */ = {isa = PBXFileReference; fileEncoding = 4; lastKnownFileType = sourcecode.c.h; path = GNToggleBar.h; sourceTree = "<group>"; };
		B818838E108EB78A00749A6D /* GNToggleBar.m */ = {isa = PBXFileReference; fileEncoding = 4; lastKnownFileType = sourcecode.c.objc; path = GNToggleBar.m; sourceTree = "<group>"; };
		B81883B2108EBAB300749A6D /* GNToggleItem.h */ = {isa = PBXFileReference; fileEncoding = 4; lastKnownFileType = sourcecode.c.h; path = GNToggleItem.h; sourceTree = "<group>"; };
		B81883B3108EBAB300749A6D /* GNToggleItem.m */ = {isa = PBXFileReference; fileEncoding = 4; lastKnownFileType = sourcecode.c.objc; path = GNToggleItem.m; sourceTree = "<group>"; };
		B8188407108EC63A00749A6D /* UIKit.framework */ = {isa = PBXFileReference; lastKnownFileType = wrapper.framework; name = UIKit.framework; path = System/Library/Frameworks/UIKit.framework; sourceTree = SDKROOT; };
		B8A59AD210AA981F00EA6120 /* QuartzCore.framework */ = {isa = PBXFileReference; lastKnownFileType = wrapper.framework; name = QuartzCore.framework; path = System/Library/Frameworks/QuartzCore.framework; sourceTree = SDKROOT; };
		B8E73ACD108EE564000E8CA9 /* GnarusToggleBar.h */ = {isa = PBXFileReference; fileEncoding = 4; lastKnownFileType = sourcecode.c.h; name = GnarusToggleBar.h; path = GnarusToggleBar/GnarusToggleBar.h; sourceTree = "<group>"; };
		B8EED4D410962DAF0046E327 /* GNToggleBarController.h */ = {isa = PBXFileReference; fileEncoding = 4; lastKnownFileType = sourcecode.c.h; path = GNToggleBarController.h; sourceTree = "<group>"; };
		B8EED4D510962DAF0046E327 /* GNToggleBarController.m */ = {isa = PBXFileReference; fileEncoding = 4; lastKnownFileType = sourcecode.c.objc; path = GNToggleBarController.m; sourceTree = "<group>"; };
		B8EED537109663080046E327 /* GNGlobal.h */ = {isa = PBXFileReference; fileEncoding = 4; lastKnownFileType = sourcecode.c.h; path = GNGlobal.h; sourceTree = "<group>"; };
		D2AAC07E0554694100DB518D /* libGNToggleBar.a */ = {isa = PBXFileReference; explicitFileType = archive.ar; includeInIndex = 0; path = libGNToggleBar.a; sourceTree = BUILT_PRODUCTS_DIR; };
/* End PBXFileReference section */

/* Begin PBXFrameworksBuildPhase section */
		D2AAC07C0554694100DB518D /* Frameworks */ = {
			isa = PBXFrameworksBuildPhase;
			buildActionMask = 2147483647;
			files = (
				AACBBE4A0F95108600F1A2B1 /* Foundation.framework in Frameworks */,
				B8188408108EC63A00749A6D /* UIKit.framework in Frameworks */,
				B8A59AD310AA981F00EA6120 /* QuartzCore.framework in Frameworks */,
			);
			runOnlyForDeploymentPostprocessing = 0;
		};
/* End PBXFrameworksBuildPhase section */

/* Begin PBXGroup section */
		034768DFFF38A50411DB9C8B /* Products */ = {
			isa = PBXGroup;
			children = (
				D2AAC07E0554694100DB518D /* libGNToggleBar.a */,
			);
			name = Products;
			sourceTree = "<group>";
		};
		0867D691FE84028FC02AAC07 /* GNToggleBar */ = {
			isa = PBXGroup;
			children = (
				08FB77AEFE84172EC02AAC07 /* Classes */,
				32C88DFF0371C24200C91783 /* Other Sources */,
				B8E73A8B108EE2AB000E8CA9 /* Resources */,
				0867D69AFE84028FC02AAC07 /* Frameworks */,
				034768DFFF38A50411DB9C8B /* Products */,
			);
			name = GNToggleBar;
			sourceTree = "<group>";
		};
		0867D69AFE84028FC02AAC07 /* Frameworks */ = {
			isa = PBXGroup;
			children = (
				AACBBE490F95108600F1A2B1 /* Foundation.framework */,
				B8188407108EC63A00749A6D /* UIKit.framework */,
				B8A59AD210AA981F00EA6120 /* QuartzCore.framework */,
			);
			name = Frameworks;
			sourceTree = "<group>";
		};
		08FB77AEFE84172EC02AAC07 /* Classes */ = {
			isa = PBXGroup;
			children = (
				B81883B2108EBAB300749A6D /* GNToggleItem.h */,
				B81883B3108EBAB300749A6D /* GNToggleItem.m */,
				B818838D108EB78A00749A6D /* GNToggleBar.h */,
				B818838E108EB78A00749A6D /* GNToggleBar.m */,
				B8EED4D410962DAF0046E327 /* GNToggleBarController.h */,
				B8EED4D510962DAF0046E327 /* GNToggleBarController.m */,
				B8E73ACD108EE564000E8CA9 /* GnarusToggleBar.h */,
				B8EED537109663080046E327 /* GNGlobal.h */,
			);
			name = Classes;
			sourceTree = "<group>";
		};
		32C88DFF0371C24200C91783 /* Other Sources */ = {
			isa = PBXGroup;
			children = (
				AA747D9E0F9514B9006C5449 /* GNToggleBar_Prefix.pch */,
			);
			name = "Other Sources";
			sourceTree = "<group>";
		};
		B8E73A8B108EE2AB000E8CA9 /* Resources */ = {
			isa = PBXGroup;
			children = (
			);
			name = Resources;
			sourceTree = "<group>";
		};
/* End PBXGroup section */

/* Begin PBXHeadersBuildPhase section */
		D2AAC07A0554694100DB518D /* Headers */ = {
			isa = PBXHeadersBuildPhase;
			buildActionMask = 2147483647;
			files = (
				AA747D9F0F9514B9006C5449 /* GNToggleBar_Prefix.pch in Headers */,
				B818838F108EB78A00749A6D /* GNToggleBar.h in Headers */,
				B81883B4108EBAB300749A6D /* GNToggleItem.h in Headers */,
				B8E73ACE108EE564000E8CA9 /* GnarusToggleBar.h in Headers */,
				B8EED4D610962DAF0046E327 /* GNToggleBarController.h in Headers */,
				B8EED538109663080046E327 /* GNGlobal.h in Headers */,
			);
			runOnlyForDeploymentPostprocessing = 0;
		};
/* End PBXHeadersBuildPhase section */

/* Begin PBXNativeTarget section */
		D2AAC07D0554694100DB518D /* GNToggleBar */ = {
			isa = PBXNativeTarget;
			buildConfigurationList = 1DEB921E08733DC00010E9CD /* Build configuration list for PBXNativeTarget "GNToggleBar" */;
			buildPhases = (
				D2AAC07A0554694100DB518D /* Headers */,
				D2AAC07B0554694100DB518D /* Sources */,
				D2AAC07C0554694100DB518D /* Frameworks */,
			);
			buildRules = (
			);
			dependencies = (
			);
			name = GNToggleBar;
			productName = GNToggleBar;
			productReference = D2AAC07E0554694100DB518D /* libGNToggleBar.a */;
			productType = "com.apple.product-type.library.static";
		};
/* End PBXNativeTarget section */

/* Begin PBXProject section */
		0867D690FE84028FC02AAC07 /* Project object */ = {
			isa = PBXProject;
			buildConfigurationList = 1DEB922208733DC00010E9CD /* Build configuration list for PBXProject "GNToggleBar" */;
			compatibilityVersion = "Xcode 3.1";
			hasScannedForEncodings = 1;
			mainGroup = 0867D691FE84028FC02AAC07 /* GNToggleBar */;
			productRefGroup = 034768DFFF38A50411DB9C8B /* Products */;
			projectDirPath = "";
			projectRoot = "";
			targets = (
				D2AAC07D0554694100DB518D /* GNToggleBar */,
			);
		};
/* End PBXProject section */

/* Begin PBXSourcesBuildPhase section */
		D2AAC07B0554694100DB518D /* Sources */ = {
			isa = PBXSourcesBuildPhase;
			buildActionMask = 2147483647;
			files = (
				B8188390108EB78A00749A6D /* GNToggleBar.m in Sources */,
				B81883B5108EBAB300749A6D /* GNToggleItem.m in Sources */,
				B8EED4D710962DAF0046E327 /* GNToggleBarController.m in Sources */,
			);
			runOnlyForDeploymentPostprocessing = 0;
		};
/* End PBXSourcesBuildPhase section */

/* Begin XCBuildConfiguration section */
		1DEB921F08733DC00010E9CD /* Debug */ = {
			isa = XCBuildConfiguration;
			buildSettings = {
				ALWAYS_SEARCH_USER_PATHS = NO;
				ARCHS = "$(ARCHS_STANDARD_32_BIT)";
				COPY_PHASE_STRIP = NO;
				DSTROOT = /tmp/GNToggleBar.dst;
				GCC_DYNAMIC_NO_PIC = NO;
				GCC_ENABLE_FIX_AND_CONTINUE = YES;
				GCC_MODEL_TUNING = G5;
				GCC_OPTIMIZATION_LEVEL = 0;
				GCC_PRECOMPILE_PREFIX_HEADER = YES;
				GCC_PREFIX_HEADER = GNToggleBar_Prefix.pch;
				INSTALL_PATH = /usr/local/lib;
				PRODUCT_NAME = GNToggleBar;
			};
			name = Debug;
		};
		1DEB922008733DC00010E9CD /* Release */ = {
			isa = XCBuildConfiguration;
			buildSettings = {
				ALWAYS_SEARCH_USER_PATHS = NO;
				ARCHS = "$(ARCHS_STANDARD_32_BIT)";
				DSTROOT = /tmp/GNToggleBar.dst;
				GCC_MODEL_TUNING = G5;
				GCC_PRECOMPILE_PREFIX_HEADER = YES;
				GCC_PREFIX_HEADER = GNToggleBar_Prefix.pch;
				INSTALL_PATH = /usr/local/lib;
				PRODUCT_NAME = GNToggleBar;
			};
			name = Release;
		};
		1DEB922308733DC00010E9CD /* Debug */ = {
			isa = XCBuildConfiguration;
			buildSettings = {
				ARCHS = "$(ARCHS_STANDARD_32_BIT)";
				GCC_C_LANGUAGE_STANDARD = c99;
				GCC_OPTIMIZATION_LEVEL = 0;
				GCC_WARN_ABOUT_RETURN_TYPE = YES;
				GCC_WARN_UNUSED_VARIABLE = YES;
				OTHER_LDFLAGS = "-ObjC";
				PREBINDING = NO;
				SDKROOT = iphoneos3.1.2;
			};
			name = Debug;
		};
		1DEB922408733DC00010E9CD /* Release */ = {
			isa = XCBuildConfiguration;
			buildSettings = {
				ARCHS = "$(ARCHS_STANDARD_32_BIT)";
				GCC_C_LANGUAGE_STANDARD = c99;
				GCC_WARN_ABOUT_RETURN_TYPE = YES;
				GCC_WARN_UNUSED_VARIABLE = YES;
				OTHER_LDFLAGS = "-ObjC";
				PREBINDING = NO;
				SDKROOT = iphoneos3.1.2;
			};
			name = Release;
		};
/* End XCBuildConfiguration section */

/* Begin XCConfigurationList section */
		1DEB921E08733DC00010E9CD /* Build configuration list for PBXNativeTarget "GNToggleBar" */ = {
			isa = XCConfigurationList;
			buildConfigurations = (
				1DEB921F08733DC00010E9CD /* Debug */,
				1DEB922008733DC00010E9CD /* Release */,
			);
			defaultConfigurationIsVisible = 0;
			defaultConfigurationName = Release;
		};
		1DEB922208733DC00010E9CD /* Build configuration list for PBXProject "GNToggleBar" */ = {
			isa = XCConfigurationList;
			buildConfigurations = (
				1DEB922308733DC00010E9CD /* Debug */,
				1DEB922408733DC00010E9CD /* Release */,
			);
			defaultConfigurationIsVisible = 0;
			defaultConfigurationName = Release;
		};
/* End XCConfigurationList section */
	};
	rootObject = 0867D690FE84028FC02AAC07 /* Project object */;
}
